
Microsoft Visual Studio Solution File, Format Version 12.00
Project("{FAE04EC0-301F-11D3-BF4B-00C04F79EFBC}") = "Kolokwium2E", "Kolokwium2E\Kolokwium2E.csproj", "{A714A5A2-2BCC-453E-883B-876D57E9F4CC}"
EndProject
Global
	GlobalSection(SolutionConfigurationPlatforms) = preSolution
		Debug|Any CPU = Debug|Any CPU
		Release|Any CPU = Release|Any CPU
	EndGlobalSection
	GlobalSection(ProjectConfigurationPlatforms) = postSolution
		{A714A5A2-2BCC-453E-883B-876D57E9F4CC}.Debug|Any CPU.ActiveCfg = Debug|Any CPU
		{A714A5A2-2BCC-453E-883B-876D57E9F4CC}.Debug|Any CPU.Build.0 = Debug|Any CPU
		{A714A5A2-2BCC-453E-883B-876D57E9F4CC}.Release|Any CPU.ActiveCfg = Release|Any CPU
		{A714A5A2-2BCC-453E-883B-876D57E9F4CC}.Release|Any CPU.Build.0 = Release|Any CPU
	EndGlobalSection
EndGlobal
